// !$*UTF8*$!
{
	archiveVersion = 1;
	classes = {
	};
	objectVersion = 56;
	objects = {

/* Begin PBXBuildFile section */
		A05568E62C6F1A4C003ADCAC /* OnboardingViewModel.swift in Sources */ = {isa = PBXBuildFile; fileRef = A05568E52C6F1A4C003ADCAC /* OnboardingViewModel.swift */; };
		A05568E82C6F1DE3003ADCAC /* OnboardingStep.swift in Sources */ = {isa = PBXBuildFile; fileRef = A05568E72C6F1DE3003ADCAC /* OnboardingStep.swift */; };
		A0C1414B2C6C32B000A8F117 /* PokedexSwiftUI.swift in Sources */ = {isa = PBXBuildFile; fileRef = A0C1414A2C6C32B000A8F117 /* PokedexSwiftUI.swift */; };
		A0C1414D2C6C32B000A8F117 /* ContentView.swift in Sources */ = {isa = PBXBuildFile; fileRef = A0C1414C2C6C32B000A8F117 /* ContentView.swift */; };
		A0C1414F2C6C32B200A8F117 /* Assets.xcassets in Resources */ = {isa = PBXBuildFile; fileRef = A0C1414E2C6C32B200A8F117 /* Assets.xcassets */; };
		A0C141522C6C32B200A8F117 /* Preview Assets.xcassets in Resources */ = {isa = PBXBuildFile; fileRef = A0C141512C6C32B200A8F117 /* Preview Assets.xcassets */; };
		A0C1415D2C6C33F800A8F117 /* OnboardingView.swift in Sources */ = {isa = PBXBuildFile; fileRef = A0C1415C2C6C33F800A8F117 /* OnboardingView.swift */; };
		A0C141652C6C3A3A00A8F117 /* Poppins-Light.ttf in Resources */ = {isa = PBXBuildFile; fileRef = A0C141602C6C3A3900A8F117 /* Poppins-Light.ttf */; };
		A0C141662C6C3A3A00A8F117 /* Poppins-Bold.ttf in Resources */ = {isa = PBXBuildFile; fileRef = A0C141612C6C3A3900A8F117 /* Poppins-Bold.ttf */; };
		A0C141672C6C3A3A00A8F117 /* Poppins-SemiBold.ttf in Resources */ = {isa = PBXBuildFile; fileRef = A0C141622C6C3A3900A8F117 /* Poppins-SemiBold.ttf */; };
		A0C141682C6C3A3A00A8F117 /* Poppins-Regular.ttf in Resources */ = {isa = PBXBuildFile; fileRef = A0C141632C6C3A3900A8F117 /* Poppins-Regular.ttf */; };
		A0C141692C6C3A3A00A8F117 /* Poppins-Medium.ttf in Resources */ = {isa = PBXBuildFile; fileRef = A0C141642C6C3A3900A8F117 /* Poppins-Medium.ttf */; };
		A0C1416C2C6C3CD400A8F117 /* MyColors.xcassets in Resources */ = {isa = PBXBuildFile; fileRef = A0C1416B2C6C3CD400A8F117 /* MyColors.xcassets */; };
/* End PBXBuildFile section */

/* Begin PBXFileReference section */
		A05568E52C6F1A4C003ADCAC /* OnboardingViewModel.swift */ = {isa = PBXFileReference; lastKnownFileType = sourcecode.swift; path = OnboardingViewModel.swift; sourceTree = "<group>"; };
		A05568E72C6F1DE3003ADCAC /* OnboardingStep.swift */ = {isa = PBXFileReference; lastKnownFileType = sourcecode.swift; path = OnboardingStep.swift; sourceTree = "<group>"; };
		A0C141472C6C32B000A8F117 /* PokedexSwiftUI.app */ = {isa = PBXFileReference; explicitFileType = wrapper.application; includeInIndex = 0; path = PokedexSwiftUI.app; sourceTree = BUILT_PRODUCTS_DIR; };
		A0C1414A2C6C32B000A8F117 /* PokedexSwiftUI.swift */ = {isa = PBXFileReference; lastKnownFileType = sourcecode.swift; path = PokedexSwiftUI.swift; sourceTree = "<group>"; };
		A0C1414C2C6C32B000A8F117 /* ContentView.swift */ = {isa = PBXFileReference; lastKnownFileType = sourcecode.swift; path = ContentView.swift; sourceTree = "<group>"; };
		A0C1414E2C6C32B200A8F117 /* Assets.xcassets */ = {isa = PBXFileReference; lastKnownFileType = folder.assetcatalog; path = Assets.xcassets; sourceTree = "<group>"; };
		A0C141512C6C32B200A8F117 /* Preview Assets.xcassets */ = {isa = PBXFileReference; lastKnownFileType = folder.assetcatalog; path = "Preview Assets.xcassets"; sourceTree = "<group>"; };
		A0C1415C2C6C33F800A8F117 /* OnboardingView.swift */ = {isa = PBXFileReference; lastKnownFileType = sourcecode.swift; path = OnboardingView.swift; sourceTree = "<group>"; };
		A0C141602C6C3A3900A8F117 /* Poppins-Light.ttf */ = {isa = PBXFileReference; lastKnownFileType = file; name = "Poppins-Light.ttf"; path = "../../../../../../project assets/Poppins/Poppins-Light.ttf"; sourceTree = "<group>"; };
		A0C141612C6C3A3900A8F117 /* Poppins-Bold.ttf */ = {isa = PBXFileReference; lastKnownFileType = file; name = "Poppins-Bold.ttf"; path = "../../../../../../project assets/Poppins/Poppins-Bold.ttf"; sourceTree = "<group>"; };
		A0C141622C6C3A3900A8F117 /* Poppins-SemiBold.ttf */ = {isa = PBXFileReference; lastKnownFileType = file; name = "Poppins-SemiBold.ttf"; path = "../../../../../../project assets/Poppins/Poppins-SemiBold.ttf"; sourceTree = "<group>"; };
		A0C141632C6C3A3900A8F117 /* Poppins-Regular.ttf */ = {isa = PBXFileReference; lastKnownFileType = file; name = "Poppins-Regular.ttf"; path = "../../../../../../project assets/Poppins/Poppins-Regular.ttf"; sourceTree = "<group>"; };
		A0C141642C6C3A3900A8F117 /* Poppins-Medium.ttf */ = {isa = PBXFileReference; lastKnownFileType = file; name = "Poppins-Medium.ttf"; path = "../../../../../../project assets/Poppins/Poppins-Medium.ttf"; sourceTree = "<group>"; };
		A0C1416A2C6C3A5C00A8F117 /* Info.plist */ = {isa = PBXFileReference; lastKnownFileType = text.plist; path = Info.plist; sourceTree = "<group>"; };
		A0C1416B2C6C3CD400A8F117 /* MyColors.xcassets */ = {isa = PBXFileReference; lastKnownFileType = folder.assetcatalog; path = MyColors.xcassets; sourceTree = "<group>"; };
/* End PBXFileReference section */

/* Begin PBXFrameworksBuildPhase section */
		A0C141442C6C32B000A8F117 /* Frameworks */ = {
			isa = PBXFrameworksBuildPhase;
			buildActionMask = 2147483647;
			files = (
			);
			runOnlyForDeploymentPostprocessing = 0;
		};
/* End PBXFrameworksBuildPhase section */

/* Begin PBXGroup section */
		A0C1413E2C6C32B000A8F117 = {
			isa = PBXGroup;
			children = (
				A0C141492C6C32B000A8F117 /* PokedexSwiftUI */,
				A0C141482C6C32B000A8F117 /* Products */,
			);
			sourceTree = "<group>";
		};
		A0C141482C6C32B000A8F117 /* Products */ = {
			isa = PBXGroup;
			children = (
				A0C141472C6C32B000A8F117 /* PokedexSwiftUI.app */,
			);
			name = Products;
			sourceTree = "<group>";
		};
		A0C141492C6C32B000A8F117 /* PokedexSwiftUI */ = {
			isa = PBXGroup;
			children = (
				A0C1416A2C6C3A5C00A8F117 /* Info.plist */,
				A0C1415E2C6C397100A8F117 /* Utils */,
				A0C141582C6C33BA00A8F117 /* Onboarding */,
				A0C1414A2C6C32B000A8F117 /* PokedexSwiftUI.swift */,
				A0C1414C2C6C32B000A8F117 /* ContentView.swift */,
				A0C141502C6C32B200A8F117 /* Preview Content */,
			);
			path = PokedexSwiftUI;
			sourceTree = "<group>";
		};
		A0C141502C6C32B200A8F117 /* Preview Content */ = {
			isa = PBXGroup;
			children = (
				A0C141512C6C32B200A8F117 /* Preview Assets.xcassets */,
			);
			path = "Preview Content";
			sourceTree = "<group>";
		};
		A0C141582C6C33BA00A8F117 /* Onboarding */ = {
			isa = PBXGroup;
			children = (
				A0C1415B2C6C33D700A8F117 /* ViewModel */,
				A0C1415A2C6C33D200A8F117 /* View */,
				A0C141592C6C33CA00A8F117 /* Model */,
			);
			path = Onboarding;
			sourceTree = "<group>";
		};
		A0C141592C6C33CA00A8F117 /* Model */ = {
			isa = PBXGroup;
			children = (
				A05568E72C6F1DE3003ADCAC /* OnboardingStep.swift */,
			);
			path = Model;
			sourceTree = "<group>";
		};
		A0C1415A2C6C33D200A8F117 /* View */ = {
			isa = PBXGroup;
			children = (
				A0C1415C2C6C33F800A8F117 /* OnboardingView.swift */,
			);
			path = View;
			sourceTree = "<group>";
		};
		A0C1415B2C6C33D700A8F117 /* ViewModel */ = {
			isa = PBXGroup;
			children = (
				A05568E52C6F1A4C003ADCAC /* OnboardingViewModel.swift */,
			);
			path = ViewModel;
			sourceTree = "<group>";
		};
		A0C1415E2C6C397100A8F117 /* Utils */ = {
			isa = PBXGroup;
			children = (
				A0C1415F2C6C397C00A8F117 /* Fonts */,
				A0C1414E2C6C32B200A8F117 /* Assets.xcassets */,
				A0C1416B2C6C3CD400A8F117 /* MyColors.xcassets */,
			);
			path = Utils;
			sourceTree = "<group>";
		};
		A0C1415F2C6C397C00A8F117 /* Fonts */ = {
			isa = PBXGroup;
			children = (
				A0C141612C6C3A3900A8F117 /* Poppins-Bold.ttf */,
				A0C141602C6C3A3900A8F117 /* Poppins-Light.ttf */,
				A0C141642C6C3A3900A8F117 /* Poppins-Medium.ttf */,
				A0C141632C6C3A3900A8F117 /* Poppins-Regular.ttf */,
				A0C141622C6C3A3900A8F117 /* Poppins-SemiBold.ttf */,
			);
			path = Fonts;
			sourceTree = "<group>";
		};
/* End PBXGroup section */

/* Begin PBXNativeTarget section */
		A0C141462C6C32B000A8F117 /* PokedexSwiftUI */ = {
			isa = PBXNativeTarget;
			buildConfigurationList = A0C141552C6C32B200A8F117 /* Build configuration list for PBXNativeTarget "PokedexSwiftUI" */;
			buildPhases = (
				A0C141432C6C32B000A8F117 /* Sources */,
				A0C141442C6C32B000A8F117 /* Frameworks */,
				A0C141452C6C32B000A8F117 /* Resources */,
			);
			buildRules = (
			);
			dependencies = (
			);
			name = PokedexSwiftUI;
			productName = PokedexSwiftUI;
			productReference = A0C141472C6C32B000A8F117 /* PokedexSwiftUI.app */;
			productType = "com.apple.product-type.application";
		};
/* End PBXNativeTarget section */

/* Begin PBXProject section */
		A0C1413F2C6C32B000A8F117 /* Project object */ = {
			isa = PBXProject;
			attributes = {
				BuildIndependentTargetsInParallel = 1;
				LastSwiftUpdateCheck = 1530;
				LastUpgradeCheck = 1530;
				TargetAttributes = {
					A0C141462C6C32B000A8F117 = {
						CreatedOnToolsVersion = 15.3;
					};
				};
			};
			buildConfigurationList = A0C141422C6C32B000A8F117 /* Build configuration list for PBXProject "PokedexSwiftUI" */;
			compatibilityVersion = "Xcode 14.0";
			developmentRegion = en;
			hasScannedForEncodings = 0;
			knownRegions = (
				en,
				Base,
			);
			mainGroup = A0C1413E2C6C32B000A8F117;
			productRefGroup = A0C141482C6C32B000A8F117 /* Products */;
			projectDirPath = "";
			projectRoot = "";
			targets = (
				A0C141462C6C32B000A8F117 /* PokedexSwiftUI */,
			);
		};
/* End PBXProject section */

/* Begin PBXResourcesBuildPhase section */
		A0C141452C6C32B000A8F117 /* Resources */ = {
			isa = PBXResourcesBuildPhase;
			buildActionMask = 2147483647;
			files = (
				A0C141672C6C3A3A00A8F117 /* Poppins-SemiBold.ttf in Resources */,
				A0C141692C6C3A3A00A8F117 /* Poppins-Medium.ttf in Resources */,
				A0C141522C6C32B200A8F117 /* Preview Assets.xcassets in Resources */,
				A0C141652C6C3A3A00A8F117 /* Poppins-Light.ttf in Resources */,
				A0C141682C6C3A3A00A8F117 /* Poppins-Regular.ttf in Resources */,
				A0C1416C2C6C3CD400A8F117 /* MyColors.xcassets in Resources */,
				A0C1414F2C6C32B200A8F117 /* Assets.xcassets in Resources */,
				A0C141662C6C3A3A00A8F117 /* Poppins-Bold.ttf in Resources */,
			);
			runOnlyForDeploymentPostprocessing = 0;
		};
/* End PBXResourcesBuildPhase section */

/* Begin PBXSourcesBuildPhase section */
		A0C141432C6C32B000A8F117 /* Sources */ = {
			isa = PBXSourcesBuildPhase;
			buildActionMask = 2147483647;
			files = (
				A0C1415D2C6C33F800A8F117 /* OnboardingView.swift in Sources */,
				A0C1414D2C6C32B000A8F117 /* ContentView.swift in Sources */,
				A0C1414B2C6C32B000A8F117 /* PokedexSwiftUI.swift in Sources */,
				A05568E82C6F1DE3003ADCAC /* OnboardingStep.swift in Sources */,
				A05568E62C6F1A4C003ADCAC /* OnboardingViewModel.swift in Sources */,
			);
			runOnlyForDeploymentPostprocessing = 0;
		};
/* End PBXSourcesBuildPhase section */

/* Begin XCBuildConfiguration section */
		A0C141532C6C32B200A8F117 /* Debug */ = {
			isa = XCBuildConfiguration;
			buildSettings = {
				ALWAYS_SEARCH_USER_PATHS = NO;
				ASSETCATALOG_COMPILER_GENERATE_SWIFT_ASSET_SYMBOL_EXTENSIONS = YES;
				CLANG_ANALYZER_NONNULL = YES;
				CLANG_ANALYZER_NUMBER_OBJECT_CONVERSION = YES_AGGRESSIVE;
				CLANG_CXX_LANGUAGE_STANDARD = "gnu++20";
				CLANG_ENABLE_MODULES = YES;
				CLANG_ENABLE_OBJC_ARC = YES;
				CLANG_ENABLE_OBJC_WEAK = YES;
				CLANG_WARN_BLOCK_CAPTURE_AUTORELEASING = YES;
				CLANG_WARN_BOOL_CONVERSION = YES;
				CLANG_WARN_COMMA = YES;
				CLANG_WARN_CONSTANT_CONVERSION = YES;
				CLANG_WARN_DEPRECATED_OBJC_IMPLEMENTATIONS = YES;
				CLANG_WARN_DIRECT_OBJC_ISA_USAGE = YES_ERROR;
				CLANG_WARN_DOCUMENTATION_COMMENTS = YES;
				CLANG_WARN_EMPTY_BODY = YES;
				CLANG_WARN_ENUM_CONVERSION = YES;
				CLANG_WARN_INFINITE_RECURSION = YES;
				CLANG_WARN_INT_CONVERSION = YES;
				CLANG_WARN_NON_LITERAL_NULL_CONVERSION = YES;
				CLANG_WARN_OBJC_IMPLICIT_RETAIN_SELF = YES;
				CLANG_WARN_OBJC_LITERAL_CONVERSION = YES;
				CLANG_WARN_OBJC_ROOT_CLASS = YES_ERROR;
				CLANG_WARN_QUOTED_INCLUDE_IN_FRAMEWORK_HEADER = YES;
				CLANG_WARN_RANGE_LOOP_ANALYSIS = YES;
				CLANG_WARN_STRICT_PROTOTYPES = YES;
				CLANG_WARN_SUSPICIOUS_MOVE = YES;
				CLANG_WARN_UNGUARDED_AVAILABILITY = YES_AGGRESSIVE;
				CLANG_WARN_UNREACHABLE_CODE = YES;
				CLANG_WARN__DUPLICATE_METHOD_MATCH = YES;
				COPY_PHASE_STRIP = NO;
				DEBUG_INFORMATION_FORMAT = dwarf;
				ENABLE_STRICT_OBJC_MSGSEND = YES;
				ENABLE_TESTABILITY = YES;
				ENABLE_USER_SCRIPT_SANDBOXING = YES;
				GCC_C_LANGUAGE_STANDARD = gnu17;
				GCC_DYNAMIC_NO_PIC = NO;
				GCC_NO_COMMON_BLOCKS = YES;
				GCC_OPTIMIZATION_LEVEL = 0;
				GCC_PREPROCESSOR_DEFINITIONS = (
					"DEBUG=1",
					"$(inherited)",
				);
				GCC_WARN_64_TO_32_BIT_CONVERSION = YES;
				GCC_WARN_ABOUT_RETURN_TYPE = YES_ERROR;
				GCC_WARN_UNDECLARED_SELECTOR = YES;
				GCC_WARN_UNINITIALIZED_AUTOS = YES_AGGRESSIVE;
				GCC_WARN_UNUSED_FUNCTION = YES;
				GCC_WARN_UNUSED_VARIABLE = YES;
				IPHONEOS_DEPLOYMENT_TARGET = 17.4;
				LOCALIZATION_PREFERS_STRING_CATALOGS = YES;
				MTL_ENABLE_DEBUG_INFO = INCLUDE_SOURCE;
				MTL_FAST_MATH = YES;
				ONLY_ACTIVE_ARCH = YES;
				SDKROOT = iphoneos;
				SWIFT_ACTIVE_COMPILATION_CONDITIONS = "DEBUG $(inherited)";
				SWIFT_OPTIMIZATION_LEVEL = "-Onone";
			};
			name = Debug;
		};
		A0C141542C6C32B200A8F117 /* Release */ = {
			isa = XCBuildConfiguration;
			buildSettings = {
				ALWAYS_SEARCH_USER_PATHS = NO;
				ASSETCATALOG_COMPILER_GENERATE_SWIFT_ASSET_SYMBOL_EXTENSIONS = YES;
				CLANG_ANALYZER_NONNULL = YES;
				CLANG_ANALYZER_NUMBER_OBJECT_CONVERSION = YES_AGGRESSIVE;
				CLANG_CXX_LANGUAGE_STANDARD = "gnu++20";
				CLANG_ENABLE_MODULES = YES;
				CLANG_ENABLE_OBJC_ARC = YES;
				CLANG_ENABLE_OBJC_WEAK = YES;
				CLANG_WARN_BLOCK_CAPTURE_AUTORELEASING = YES;
				CLANG_WARN_BOOL_CONVERSION = YES;
				CLANG_WARN_COMMA = YES;
				CLANG_WARN_CONSTANT_CONVERSION = YES;
				CLANG_WARN_DEPRECATED_OBJC_IMPLEMENTATIONS = YES;
				CLANG_WARN_DIRECT_OBJC_ISA_USAGE = YES_ERROR;
				CLANG_WARN_DOCUMENTATION_COMMENTS = YES;
				CLANG_WARN_EMPTY_BODY = YES;
				CLANG_WARN_ENUM_CONVERSION = YES;
				CLANG_WARN_INFINITE_RECURSION = YES;
				CLANG_WARN_INT_CONVERSION = YES;
				CLANG_WARN_NON_LITERAL_NULL_CONVERSION = YES;
				CLANG_WARN_OBJC_IMPLICIT_RETAIN_SELF = YES;
				CLANG_WARN_OBJC_LITERAL_CONVERSION = YES;
				CLANG_WARN_OBJC_ROOT_CLASS = YES_ERROR;
				CLANG_WARN_QUOTED_INCLUDE_IN_FRAMEWORK_HEADER = YES;
				CLANG_WARN_RANGE_LOOP_ANALYSIS = YES;
				CLANG_WARN_STRICT_PROTOTYPES = YES;
				CLANG_WARN_SUSPICIOUS_MOVE = YES;
				CLANG_WARN_UNGUARDED_AVAILABILITY = YES_AGGRESSIVE;
				CLANG_WARN_UNREACHABLE_CODE = YES;
				CLANG_WARN__DUPLICATE_METHOD_MATCH = YES;
				COPY_PHASE_STRIP = NO;
				DEBUG_INFORMATION_FORMAT = "dwarf-with-dsym";
				ENABLE_NS_ASSERTIONS = NO;
				ENABLE_STRICT_OBJC_MSGSEND = YES;
				ENABLE_USER_SCRIPT_SANDBOXING = YES;
				GCC_C_LANGUAGE_STANDARD = gnu17;
				GCC_NO_COMMON_BLOCKS = YES;
				GCC_WARN_64_TO_32_BIT_CONVERSION = YES;
				GCC_WARN_ABOUT_RETURN_TYPE = YES_ERROR;
				GCC_WARN_UNDECLARED_SELECTOR = YES;
				GCC_WARN_UNINITIALIZED_AUTOS = YES_AGGRESSIVE;
				GCC_WARN_UNUSED_FUNCTION = YES;
				GCC_WARN_UNUSED_VARIABLE = YES;
				IPHONEOS_DEPLOYMENT_TARGET = 17.4;
				LOCALIZATION_PREFERS_STRING_CATALOGS = YES;
				MTL_ENABLE_DEBUG_INFO = NO;
				MTL_FAST_MATH = YES;
				SDKROOT = iphoneos;
				SWIFT_COMPILATION_MODE = wholemodule;
				VALIDATE_PRODUCT = YES;
			};
			name = Release;
		};
		A0C141562C6C32B200A8F117 /* Debug */ = {
			isa = XCBuildConfiguration;
			buildSettings = {
				ASSETCATALOG_COMPILER_APPICON_NAME = AppIcon;
				ASSETCATALOG_COMPILER_GLOBAL_ACCENT_COLOR_NAME = AccentColor;
				CODE_SIGN_STYLE = Automatic;
				CURRENT_PROJECT_VERSION = 1;
				DEVELOPMENT_ASSET_PATHS = "\"PokedexSwiftUI/Preview Content\"";
				DEVELOPMENT_TEAM = 8FVAA57BW9;
				ENABLE_PREVIEWS = YES;
				GENERATE_INFOPLIST_FILE = YES;
				INFOPLIST_FILE = PokedexSwiftUI/Info.plist;
				INFOPLIST_KEY_UIApplicationSceneManifest_Generation = YES;
				INFOPLIST_KEY_UIApplicationSupportsIndirectInputEvents = YES;
				INFOPLIST_KEY_UILaunchScreen_Generation = YES;
				INFOPLIST_KEY_UISupportedInterfaceOrientations_iPad = "UIInterfaceOrientationPortrait UIInterfaceOrientationPortraitUpsideDown UIInterfaceOrientationLandscapeLeft UIInterfaceOrientationLandscapeRight";
				INFOPLIST_KEY_UISupportedInterfaceOrientations_iPhone = "UIInterfaceOrientationPortrait UIInterfaceOrientationLandscapeLeft UIInterfaceOrientationLandscapeRight";
				LD_RUNPATH_SEARCH_PATHS = (
					"$(inherited)",
					"@executable_path/Frameworks",
				);
				MARKETING_VERSION = 1.0;
				PRODUCT_BUNDLE_IDENTIFIER = davidrobert.PokedexSwiftUI;
				PRODUCT_NAME = "$(TARGET_NAME)";
				SWIFT_EMIT_LOC_STRINGS = YES;
				SWIFT_VERSION = 5.0;
				TARGETED_DEVICE_FAMILY = "1,2";
			};
			name = Debug;
		};
		A0C141572C6C32B200A8F117 /* Release */ = {
			isa = XCBuildConfiguration;
			buildSettings = {
				ASSETCATALOG_COMPILER_APPICON_NAME = AppIcon;
				ASSETCATALOG_COMPILER_GLOBAL_ACCENT_COLOR_NAME = AccentColor;
				CODE_SIGN_STYLE = Automatic;
				CURRENT_PROJECT_VERSION = 1;
				DEVELOPMENT_ASSET_PATHS = "\"PokedexSwiftUI/Preview Content\"";
				DEVELOPMENT_TEAM = 8FVAA57BW9;
				ENABLE_PREVIEWS = YES;
				GENERATE_INFOPLIST_FILE = YES;
				INFOPLIST_FILE = PokedexSwiftUI/Info.plist;
				INFOPLIST_KEY_UIApplicationSceneManifest_Generation = YES;
				INFOPLIST_KEY_UIApplicationSupportsIndirectInputEvents = YES;
				INFOPLIST_KEY_UILaunchScreen_Generation = YES;
				INFOPLIST_KEY_UISupportedInterfaceOrientations_iPad = "UIInterfaceOrientationPortrait UIInterfaceOrientationPortraitUpsideDown UIInterfaceOrientationLandscapeLeft UIInterfaceOrientationLandscapeRight";
				INFOPLIST_KEY_UISupportedInterfaceOrientations_iPhone = "UIInterfaceOrientationPortrait UIInterfaceOrientationLandscapeLeft UIInterfaceOrientationLandscapeRight";
				LD_RUNPATH_SEARCH_PATHS = (
					"$(inherited)",
					"@executable_path/Frameworks",
				);
				MARKETING_VERSION = 1.0;
				PRODUCT_BUNDLE_IDENTIFIER = davidrobert.PokedexSwiftUI;
				PRODUCT_NAME = "$(TARGET_NAME)";
				SWIFT_EMIT_LOC_STRINGS = YES;
				SWIFT_VERSION = 5.0;
				TARGETED_DEVICE_FAMILY = "1,2";
			};
			name = Release;
		};
/* End XCBuildConfiguration section */

/* Begin XCConfigurationList section */
		A0C141422C6C32B000A8F117 /* Build configuration list for PBXProject "PokedexSwiftUI" */ = {
			isa = XCConfigurationList;
			buildConfigurations = (
				A0C141532C6C32B200A8F117 /* Debug */,
				A0C141542C6C32B200A8F117 /* Release */,
			);
			defaultConfigurationIsVisible = 0;
			defaultConfigurationName = Release;
		};
		A0C141552C6C32B200A8F117 /* Build configuration list for PBXNativeTarget "PokedexSwiftUI" */ = {
			isa = XCConfigurationList;
			buildConfigurations = (
				A0C141562C6C32B200A8F117 /* Debug */,
				A0C141572C6C32B200A8F117 /* Release */,
			);
			defaultConfigurationIsVisible = 0;
			defaultConfigurationName = Release;
		};
/* End XCConfigurationList section */
	};
	rootObject = A0C1413F2C6C32B000A8F117 /* Project object */;
}
